// !$*UTF8*$!
{
	archiveVersion = 1;
	classes = {
	};
	objectVersion = 50;
	objects = {

/* Begin PBXBuildFile section */
		3D85F35F248EC6E7001B078B /* AppDelegate.swift in Sources */ = {isa = PBXBuildFile; fileRef = 3D85F35E248EC6E7001B078B /* AppDelegate.swift */; };
		3D85F361248EC6E7001B078B /* SceneDelegate.swift in Sources */ = {isa = PBXBuildFile; fileRef = 3D85F360248EC6E7001B078B /* SceneDelegate.swift */; };
		3D85F363248EC6E7001B078B /* ContentView.swift in Sources */ = {isa = PBXBuildFile; fileRef = 3D85F362248EC6E7001B078B /* ContentView.swift */; };
		3D85F365248EC6E9001B078B /* Assets.xcassets in Resources */ = {isa = PBXBuildFile; fileRef = 3D85F364248EC6E9001B078B /* Assets.xcassets */; };
		3D85F368248EC6E9001B078B /* Preview Assets.xcassets in Resources */ = {isa = PBXBuildFile; fileRef = 3D85F367248EC6E9001B078B /* Preview Assets.xcassets */; };
		3D85F36B248EC6E9001B078B /* LaunchScreen.storyboard in Resources */ = {isa = PBXBuildFile; fileRef = 3D85F369248EC6E9001B078B /* LaunchScreen.storyboard */; };
		3D85F373248EC769001B078B /* FavouriteModel.swift in Sources */ = {isa = PBXBuildFile; fileRef = 3D85F372248EC769001B078B /* FavouriteModel.swift */; };
		3D85F375248ED025001B078B /* DetailView.swift in Sources */ = {isa = PBXBuildFile; fileRef = 3D85F374248ED025001B078B /* DetailView.swift */; };
/* End PBXBuildFile section */

/* Begin PBXFileReference section */
		3D85F35B248EC6E7001B078B /* FavouriteBookWithSwiftUI.app */ = {isa = PBXFileReference; explicitFileType = wrapper.application; includeInIndex = 0; path = FavouriteBookWithSwiftUI.app; sourceTree = BUILT_PRODUCTS_DIR; };
		3D85F35E248EC6E7001B078B /* AppDelegate.swift */ = {isa = PBXFileReference; lastKnownFileType = sourcecode.swift; path = AppDelegate.swift; sourceTree = "<group>"; };
		3D85F360248EC6E7001B078B /* SceneDelegate.swift */ = {isa = PBXFileReference; lastKnownFileType = sourcecode.swift; path = SceneDelegate.swift; sourceTree = "<group>"; };
		3D85F362248EC6E7001B078B /* ContentView.swift */ = {isa = PBXFileReference; lastKnownFileType = sourcecode.swift; path = ContentView.swift; sourceTree = "<group>"; };
		3D85F364248EC6E9001B078B /* Assets.xcassets */ = {isa = PBXFileReference; lastKnownFileType = folder.assetcatalog; path = Assets.xcassets; sourceTree = "<group>"; };
		3D85F367248EC6E9001B078B /* Preview Assets.xcassets */ = {isa = PBXFileReference; lastKnownFileType = folder.assetcatalog; path = "Preview Assets.xcassets"; sourceTree = "<group>"; };
		3D85F36A248EC6E9001B078B /* Base */ = {isa = PBXFileReference; lastKnownFileType = file.storyboard; name = Base; path = Base.lproj/LaunchScreen.storyboard; sourceTree = "<group>"; };
		3D85F36C248EC6E9001B078B /* Info.plist */ = {isa = PBXFileReference; lastKnownFileType = text.plist.xml; path = Info.plist; sourceTree = "<group>"; };
		3D85F372248EC769001B078B /* FavouriteModel.swift */ = {isa = PBXFileReference; lastKnownFileType = sourcecode.swift; path = FavouriteModel.swift; sourceTree = "<group>"; };
		3D85F374248ED025001B078B /* DetailView.swift */ = {isa = PBXFileReference; lastKnownFileType = sourcecode.swift; path = DetailView.swift; sourceTree = "<group>"; };
/* End PBXFileReference section */

/* Begin PBXFrameworksBuildPhase section */
		3D85F358248EC6E7001B078B /* Frameworks */ = {
			isa = PBXFrameworksBuildPhase;
			buildActionMask = 2147483647;
			files = (
			);
			runOnlyForDeploymentPostprocessing = 0;
		};
/* End PBXFrameworksBuildPhase section */

/* Begin PBXGroup section */
		3D85F352248EC6E7001B078B = {
			isa = PBXGroup;
			children = (
				3D85F35D248EC6E7001B078B /* FavouriteBookWithSwiftUI */,
				3D85F35C248EC6E7001B078B /* Products */,
			);
			sourceTree = "<group>";
		};
		3D85F35C248EC6E7001B078B /* Products */ = {
			isa = PBXGroup;
			children = (
				3D85F35B248EC6E7001B078B /* FavouriteBookWithSwiftUI.app */,
			);
			name = Products;
			sourceTree = "<group>";
		};
		3D85F35D248EC6E7001B078B /* FavouriteBookWithSwiftUI */ = {
			isa = PBXGroup;
			children = (
				3D85F35E248EC6E7001B078B /* AppDelegate.swift */,
				3D85F360248EC6E7001B078B /* SceneDelegate.swift */,
				3D85F372248EC769001B078B /* FavouriteModel.swift */,
				3D85F362248EC6E7001B078B /* ContentView.swift */,
				3D85F364248EC6E9001B078B /* Assets.xcassets */,
				3D85F369248EC6E9001B078B /* LaunchScreen.storyboard */,
				3D85F36C248EC6E9001B078B /* Info.plist */,
				3D85F366248EC6E9001B078B /* Preview Content */,
				3D85F374248ED025001B078B /* DetailView.swift */,
			);
			path = FavouriteBookWithSwiftUI;
			sourceTree = "<group>";
		};
		3D85F366248EC6E9001B078B /* Preview Content */ = {
			isa = PBXGroup;
			children = (
				3D85F367248EC6E9001B078B /* Preview Assets.xcassets */,
			);
			path = "Preview Content";
			sourceTree = "<group>";
		};
/* End PBXGroup section */

/* Begin PBXNativeTarget section */
		3D85F35A248EC6E7001B078B /* FavouriteBookWithSwiftUI */ = {
			isa = PBXNativeTarget;
			buildConfigurationList = 3D85F36F248EC6E9001B078B /* Build configuration list for PBXNativeTarget "FavouriteBookWithSwiftUI" */;
			buildPhases = (
				3D85F357248EC6E7001B078B /* Sources */,
				3D85F358248EC6E7001B078B /* Frameworks */,
				3D85F359248EC6E7001B078B /* Resources */,
			);
			buildRules = (
			);
			dependencies = (
			);
			name = FavouriteBookWithSwiftUI;
			productName = FavouriteBookWithSwiftUI;
			productReference = 3D85F35B248EC6E7001B078B /* FavouriteBookWithSwiftUI.app */;
			productType = "com.apple.product-type.application";
		};
/* End PBXNativeTarget section */

/* Begin PBXProject section */
		3D85F353248EC6E7001B078B /* Project object */ = {
			isa = PBXProject;
			attributes = {
				LastSwiftUpdateCheck = 1150;
				LastUpgradeCheck = 1150;
				ORGANIZATIONNAME = "Okan Serdaroğlu";
				TargetAttributes = {
					3D85F35A248EC6E7001B078B = {
						CreatedOnToolsVersion = 11.5;
					};
				};
			};
			buildConfigurationList = 3D85F356248EC6E7001B078B /* Build configuration list for PBXProject "FavouriteBookWithSwiftUI" */;
			compatibilityVersion = "Xcode 9.3";
			developmentRegion = en;
			hasScannedForEncodings = 0;
			knownRegions = (
				en,
				Base,
			);
			mainGroup = 3D85F352248EC6E7001B078B;
			productRefGroup = 3D85F35C248EC6E7001B078B /* Products */;
			projectDirPath = "";
			projectRoot = "";
			targets = (
				3D85F35A248EC6E7001B078B /* FavouriteBookWithSwiftUI */,
			);
		};
/* End PBXProject section */

/* Begin PBXResourcesBuildPhase section */
		3D85F359248EC6E7001B078B /* Resources */ = {
			isa = PBXResourcesBuildPhase;
			buildActionMask = 2147483647;
			files = (
				3D85F36B248EC6E9001B078B /* LaunchScreen.storyboard in Resources */,
				3D85F368248EC6E9001B078B /* Preview Assets.xcassets in Resources */,
				3D85F365248EC6E9001B078B /* Assets.xcassets in Resources */,
			);
			runOnlyForDeploymentPostprocessing = 0;
		};
/* End PBXResourcesBuildPhase section */

/* Begin PBXSourcesBuildPhase section */
		3D85F357248EC6E7001B078B /* Sources */ = {
			isa = PBXSourcesBuildPhase;
			buildActionMask = 2147483647;
			files = (
				3D85F35F248EC6E7001B078B /* AppDelegate.swift in Sources */,
				3D85F373248EC769001B078B /* FavouriteModel.swift in Sources */,
				3D85F361248EC6E7001B078B /* SceneDelegate.swift in Sources */,
				3D85F375248ED025001B078B /* DetailView.swift in Sources */,
				3D85F363248EC6E7001B078B /* ContentView.swift in Sources */,
			);
			runOnlyForDeploymentPostprocessing = 0;
		};
/* End PBXSourcesBuildPhase section */

/* Begin PBXVariantGroup section */
		3D85F369248EC6E9001B078B /* LaunchScreen.storyboard */ = {
			isa = PBXVariantGroup;
			children = (
				3D85F36A248EC6E9001B078B /* Base */,
			);
			name = LaunchScreen.storyboard;
			sourceTree = "<group>";
		};
/* End PBXVariantGroup section */

/* Begin XCBuildConfiguration section */
		3D85F36D248EC6E9001B078B /* Debug */ = {
			isa = XCBuildConfiguration;
			buildSettings = {
				ALWAYS_SEARCH_USER_PATHS = NO;
				CLANG_ANALYZER_NONNULL = YES;
				CLANG_ANALYZER_NUMBER_OBJECT_CONVERSION = YES_AGGRESSIVE;
				CLANG_CXX_LANGUAGE_STANDARD = "gnu++14";
				CLANG_CXX_LIBRARY = "libc++";
				CLANG_ENABLE_MODULES = YES;
				CLANG_ENABLE_OBJC_ARC = YES;
				CLANG_ENABLE_OBJC_WEAK = YES;
				CLANG_WARN_BLOCK_CAPTURE_AUTORELEASING = YES;
				CLANG_WARN_BOOL_CONVERSION = YES;
				CLANG_WARN_COMMA = YES;
				CLANG_WARN_CONSTANT_CONVERSION = YES;
				CLANG_WARN_DEPRECATED_OBJC_IMPLEMENTATIONS = YES;
				CLANG_WARN_DIRECT_OBJC_ISA_USAGE = YES_ERROR;
				CLANG_WARN_DOCUMENTATION_COMMENTS = YES;
				CLANG_WARN_EMPTY_BODY = YES;
				CLANG_WARN_ENUM_CONVERSION = YES;
				CLANG_WARN_INFINITE_RECURSION = YES;
				CLANG_WARN_INT_CONVERSION = YES;
				CLANG_WARN_NON_LITERAL_NULL_CONVERSION = YES;
				CLANG_WARN_OBJC_IMPLICIT_RETAIN_SELF = YES;
				CLANG_WARN_OBJC_LITERAL_CONVERSION = YES;
				CLANG_WARN_OBJC_ROOT_CLASS = YES_ERROR;
				CLANG_WARN_RANGE_LOOP_ANALYSIS = YES;
				CLANG_WARN_STRICT_PROTOTYPES = YES;
				CLANG_WARN_SUSPICIOUS_MOVE = YES;
				CLANG_WARN_UNGUARDED_AVAILABILITY = YES_AGGRESSIVE;
				CLANG_WARN_UNREACHABLE_CODE = YES;
				CLANG_WARN__DUPLICATE_METHOD_MATCH = YES;
				COPY_PHASE_STRIP = NO;
				DEBUG_INFORMATION_FORMAT = dwarf;
				ENABLE_STRICT_OBJC_MSGSEND = YES;
				ENABLE_TESTABILITY = YES;
				GCC_C_LANGUAGE_STANDARD = gnu11;
				GCC_DYNAMIC_NO_PIC = NO;
				GCC_NO_COMMON_BLOCKS = YES;
				GCC_OPTIMIZATION_LEVEL = 0;
				GCC_PREPROCESSOR_DEFINITIONS = (
					"DEBUG=1",
					"$(inherited)",
				);
				GCC_WARN_64_TO_32_BIT_CONVERSION = YES;
				GCC_WARN_ABOUT_RETURN_TYPE = YES_ERROR;
				GCC_WARN_UNDECLARED_SELECTOR = YES;
				GCC_WARN_UNINITIALIZED_AUTOS = YES_AGGRESSIVE;
				GCC_WARN_UNUSED_FUNCTION = YES;
				GCC_WARN_UNUSED_VARIABLE = YES;
				IPHONEOS_DEPLOYMENT_TARGET = 13.5;
				MTL_ENABLE_DEBUG_INFO = INCLUDE_SOURCE;
				MTL_FAST_MATH = YES;
				ONLY_ACTIVE_ARCH = YES;
				SDKROOT = iphoneos;
				SWIFT_ACTIVE_COMPILATION_CONDITIONS = DEBUG;
				SWIFT_OPTIMIZATION_LEVEL = "-Onone";
			};
			name = Debug;
		};
		3D85F36E248EC6E9001B078B /* Release */ = {
			isa = XCBuildConfiguration;
			buildSettings = {
				ALWAYS_SEARCH_USER_PATHS = NO;
				CLANG_ANALYZER_NONNULL = YES;
				CLANG_ANALYZER_NUMBER_OBJECT_CONVERSION = YES_AGGRESSIVE;
				CLANG_CXX_LANGUAGE_STANDARD = "gnu++14";
				CLANG_CXX_LIBRARY = "libc++";
				CLANG_ENABLE_MODULES = YES;
				CLANG_ENABLE_OBJC_ARC = YES;
				CLANG_ENABLE_OBJC_WEAK = YES;
				CLANG_WARN_BLOCK_CAPTURE_AUTORELEASING = YES;
				CLANG_WARN_BOOL_CONVERSION = YES;
				CLANG_WARN_COMMA = YES;
				CLANG_WARN_CONSTANT_CONVERSION = YES;
				CLANG_WARN_DEPRECATED_OBJC_IMPLEMENTATIONS = YES;
				CLANG_WARN_DIRECT_OBJC_ISA_USAGE = YES_ERROR;
				CLANG_WARN_DOCUMENTATION_COMMENTS = YES;
				CLANG_WARN_EMPTY_BODY = YES;
				CLANG_WARN_ENUM_CONVERSION = YES;
				CLANG_WARN_INFINITE_RECURSION = YES;
				CLANG_WARN_INT_CONVERSION = YES;
				CLANG_WARN_NON_LITERAL_NULL_CONVERSION = YES;
				CLANG_WARN_OBJC_IMPLICIT_RETAIN_SELF = YES;
				CLANG_WARN_OBJC_LITERAL_CONVERSION = YES;
				CLANG_WARN_OBJC_ROOT_CLASS = YES_ERROR;
				CLANG_WARN_RANGE_LOOP_ANALYSIS = YES;
				CLANG_WARN_STRICT_PROTOTYPES = YES;
				CLANG_WARN_SUSPICIOUS_MOVE = YES;
				CLANG_WARN_UNGUARDED_AVAILABILITY = YES_AGGRESSIVE;
				CLANG_WARN_UNREACHABLE_CODE = YES;
				CLANG_WARN__DUPLICATE_METHOD_MATCH = YES;
				COPY_PHASE_STRIP = NO;
				DEBUG_INFORMATION_FORMAT = "dwarf-with-dsym";
				ENABLE_NS_ASSERTIONS = NO;
				ENABLE_STRICT_OBJC_MSGSEND = YES;
				GCC_C_LANGUAGE_STANDARD = gnu11;
				GCC_NO_COMMON_BLOCKS = YES;
				GCC_WARN_64_TO_32_BIT_CONVERSION = YES;
				GCC_WARN_ABOUT_RETURN_TYPE = YES_ERROR;
				GCC_WARN_UNDECLARED_SELECTOR = YES;
				GCC_WARN_UNINITIALIZED_AUTOS = YES_AGGRESSIVE;
				GCC_WARN_UNUSED_FUNCTION = YES;
				GCC_WARN_UNUSED_VARIABLE = YES;
				IPHONEOS_DEPLOYMENT_TARGET = 13.5;
				MTL_ENABLE_DEBUG_INFO = NO;
				MTL_FAST_MATH = YES;
				SDKROOT = iphoneos;
				SWIFT_COMPILATION_MODE = wholemodule;
				SWIFT_OPTIMIZATION_LEVEL = "-O";
				VALIDATE_PRODUCT = YES;
			};
			name = Release;
		};
		3D85F370248EC6E9001B078B /* Debug */ = {
			isa = XCBuildConfiguration;
			buildSettings = {
				ASSETCATALOG_COMPILER_APPICON_NAME = AppIcon;
				CODE_SIGN_STYLE = Automatic;
				DEVELOPMENT_ASSET_PATHS = "\"FavouriteBookWithSwiftUI/Preview Content\"";
				ENABLE_PREVIEWS = YES;
				INFOPLIST_FILE = FavouriteBookWithSwiftUI/Info.plist;
				LD_RUNPATH_SEARCH_PATHS = (
					"$(inherited)",
					"@executable_path/Frameworks",
				);
				PRODUCT_BUNDLE_IDENTIFIER = com.okan.serdaroglu.FavouriteBookWithSwiftUI;
				PRODUCT_NAME = "$(TARGET_NAME)";
				SWIFT_VERSION = 5.0;
				TARGETED_DEVICE_FAMILY = "1,2";
			};
			name = Debug;
		};
		3D85F371248EC6E9001B078B /* Release */ = {
			isa = XCBuildConfiguration;
			buildSettings = {
				ASSETCATALOG_COMPILER_APPICON_NAME = AppIcon;
				CODE_SIGN_STYLE = Automatic;
				DEVELOPMENT_ASSET_PATHS = "\"FavouriteBookWithSwiftUI/Preview Content\"";
				ENABLE_PREVIEWS = YES;
				INFOPLIST_FILE = FavouriteBookWithSwiftUI/Info.plist;
				LD_RUNPATH_SEARCH_PATHS = (
					"$(inherited)",
					"@executable_path/Frameworks",
				);
				PRODUCT_BUNDLE_IDENTIFIER = com.okan.serdaroglu.FavouriteBookWithSwiftUI;
				PRODUCT_NAME = "$(TARGET_NAME)";
				SWIFT_VERSION = 5.0;
				TARGETED_DEVICE_FAMILY = "1,2";
			};
			name = Release;
		};
/* End XCBuildConfiguration section */

/* Begin XCConfigurationList section */
		3D85F356248EC6E7001B078B /* Build configuration list for PBXProject "FavouriteBookWithSwiftUI" */ = {
			isa = XCConfigurationList;
			buildConfigurations = (
				3D85F36D248EC6E9001B078B /* Debug */,
				3D85F36E248EC6E9001B078B /* Release */,
			);
			defaultConfigurationIsVisible = 0;
			defaultConfigurationName = Release;
		};
		3D85F36F248EC6E9001B078B /* Build configuration list for PBXNativeTarget "FavouriteBookWithSwiftUI" */ = {
			isa = XCConfigurationList;
			buildConfigurations = (
				3D85F370248EC6E9001B078B /* Debug */,
				3D85F371248EC6E9001B078B /* Release */,
			);
			defaultConfigurationIsVisible = 0;
			defaultConfigurationName = Release;
		};
/* End XCConfigurationList section */
	};
	rootObject = 3D85F353248EC6E7001B078B /* Project object */;
}
